
Microsoft Visual Studio Solution File, Format Version 12.00
# Visual Studio Version 17
VisualStudioVersion = 17.2.32314.265
MinimumVisualStudioVersion = 10.0.40219.1
Project("{FAE04EC0-301F-11D3-BF4B-00C04F79EFBC}") = "SPRTYL2PNG", "SPRTYL2PNG\SPRTYL2PNG.csproj", "{71168237-3EAA-4795-A9B8-6BEB4198BE5E}"
EndProject
Project("{FAE04EC0-301F-11D3-BF4B-00C04F79EFBC}") = "XTX2TXT", "XTX2TXT\XTX2TXT.csproj", "{94E31836-5CB2-4347-8DA1-37B2588A7ECD}"
EndProject
Project("{FAE04EC0-301F-11D3-BF4B-00C04F79EFBC}") = "HELP2CSV", "HELP2CSV\HELP2CSV.csproj", "{2EE2503B-3456-44DD-982D-383D460B887D}"
EndProject
Project("{FAE04EC0-301F-11D3-BF4B-00C04F79EFBC}") = "XLSX2Data", "XLSX2Data\XLSX2Data.csproj", "{C8FBCF49-129E-485D-B2A0-49AE8DD39EB7}"
EndProject
Global
	GlobalSection(SolutionConfigurationPlatforms) = preSolution
		Debug|Any CPU = Debug|Any CPU
		Release|Any CPU = Release|Any CPU
	EndGlobalSection
	GlobalSection(ProjectConfigurationPlatforms) = postSolution
		{71168237-3EAA-4795-A9B8-6BEB4198BE5E}.Debug|Any CPU.ActiveCfg = Debug|Any CPU
		{71168237-3EAA-4795-A9B8-6BEB4198BE5E}.Debug|Any CPU.Build.0 = Debug|Any CPU
		{71168237-3EAA-4795-A9B8-6BEB4198BE5E}.Release|Any CPU.ActiveCfg = Release|Any CPU
		{71168237-3EAA-4795-A9B8-6BEB4198BE5E}.Release|Any CPU.Build.0 = Release|Any CPU
		{94E31836-5CB2-4347-8DA1-37B2588A7ECD}.Debug|Any CPU.ActiveCfg = Debug|Any CPU
		{94E31836-5CB2-4347-8DA1-37B2588A7ECD}.Debug|Any CPU.Build.0 = Debug|Any CPU
		{94E31836-5CB2-4347-8DA1-37B2588A7ECD}.Release|Any CPU.ActiveCfg = Release|Any CPU
		{94E31836-5CB2-4347-8DA1-37B2588A7ECD}.Release|Any CPU.Build.0 = Release|Any CPU
		{2EE2503B-3456-44DD-982D-383D460B887D}.Debug|Any CPU.ActiveCfg = Debug|Any CPU
		{2EE2503B-3456-44DD-982D-383D460B887D}.Debug|Any CPU.Build.0 = Debug|Any CPU
		{2EE2503B-3456-44DD-982D-383D460B887D}.Release|Any CPU.ActiveCfg = Release|Any CPU
		{2EE2503B-3456-44DD-982D-383D460B887D}.Release|Any CPU.Build.0 = Release|Any CPU
		{C8FBCF49-129E-485D-B2A0-49AE8DD39EB7}.Debug|Any CPU.ActiveCfg = Debug|Any CPU
		{C8FBCF49-129E-485D-B2A0-49AE8DD39EB7}.Debug|Any CPU.Build.0 = Debug|Any CPU
		{C8FBCF49-129E-485D-B2A0-49AE8DD39EB7}.Release|Any CPU.ActiveCfg = Release|Any CPU
		{C8FBCF49-129E-485D-B2A0-49AE8DD39EB7}.Release|Any CPU.Build.0 = Release|Any CPU
	EndGlobalSection
	GlobalSection(SolutionProperties) = preSolution
		HideSolutionNode = FALSE
	EndGlobalSection
	GlobalSection(ExtensibilityGlobals) = postSolution
		SolutionGuid = {0EE09C6A-4454-4FD1-B0D9-28745C0756D9}
	EndGlobalSection
EndGlobal
